// !$*UTF8*$!
{
	archiveVersion = 1;
	classes = {
	};
	objectVersion = 50;
	objects = {

/* Begin PBXBuildFile section */
		63055F922651FC5A00C8BA10 /* AppDelegate.swift in Sources */ = {isa = PBXBuildFile; fileRef = 63055F912651FC5A00C8BA10 /* AppDelegate.swift */; };
		63055F942651FC5A00C8BA10 /* SceneDelegate.swift in Sources */ = {isa = PBXBuildFile; fileRef = 63055F932651FC5A00C8BA10 /* SceneDelegate.swift */; };
		63055F962651FC5A00C8BA10 /* ViewController.swift in Sources */ = {isa = PBXBuildFile; fileRef = 63055F952651FC5A00C8BA10 /* ViewController.swift */; };
		63055F992651FC5A00C8BA10 /* Main.storyboard in Resources */ = {isa = PBXBuildFile; fileRef = 63055F972651FC5A00C8BA10 /* Main.storyboard */; };
		63055F9B2651FC6200C8BA10 /* Assets.xcassets in Resources */ = {isa = PBXBuildFile; fileRef = 63055F9A2651FC6200C8BA10 /* Assets.xcassets */; };
		63055F9E2651FC6200C8BA10 /* LaunchScreen.storyboard in Resources */ = {isa = PBXBuildFile; fileRef = 63055F9C2651FC6200C8BA10 /* LaunchScreen.storyboard */; };
		63055FA92651FC6300C8BA10 /* DynamicDispatchTests.swift in Sources */ = {isa = PBXBuildFile; fileRef = 63055FA82651FC6300C8BA10 /* DynamicDispatchTests.swift */; };
		63055FB42651FC6300C8BA10 /* DynamicDispatchUITests.swift in Sources */ = {isa = PBXBuildFile; fileRef = 63055FB32651FC6300C8BA10 /* DynamicDispatchUITests.swift */; };
		63055FC22651FCDC00C8BA10 /* Parent.swift in Sources */ = {isa = PBXBuildFile; fileRef = 63055FC12651FCDC00C8BA10 /* Parent.swift */; };
		63055FC42651FD0400C8BA10 /* Child.swift in Sources */ = {isa = PBXBuildFile; fileRef = 63055FC32651FD0400C8BA10 /* Child.swift */; };
/* End PBXBuildFile section */

/* Begin PBXContainerItemProxy section */
		63055FA52651FC6300C8BA10 /* PBXContainerItemProxy */ = {
			isa = PBXContainerItemProxy;
			containerPortal = 63055F862651FC5A00C8BA10 /* Project object */;
			proxyType = 1;
			remoteGlobalIDString = 63055F8D2651FC5A00C8BA10;
			remoteInfo = DynamicDispatch;
		};
		63055FB02651FC6300C8BA10 /* PBXContainerItemProxy */ = {
			isa = PBXContainerItemProxy;
			containerPortal = 63055F862651FC5A00C8BA10 /* Project object */;
			proxyType = 1;
			remoteGlobalIDString = 63055F8D2651FC5A00C8BA10;
			remoteInfo = DynamicDispatch;
		};
/* End PBXContainerItemProxy section */

/* Begin PBXFileReference section */
		63055F8E2651FC5A00C8BA10 /* DynamicDispatch.app */ = {isa = PBXFileReference; explicitFileType = wrapper.application; includeInIndex = 0; path = DynamicDispatch.app; sourceTree = BUILT_PRODUCTS_DIR; };
		63055F912651FC5A00C8BA10 /* AppDelegate.swift */ = {isa = PBXFileReference; lastKnownFileType = sourcecode.swift; path = AppDelegate.swift; sourceTree = "<group>"; };
		63055F932651FC5A00C8BA10 /* SceneDelegate.swift */ = {isa = PBXFileReference; lastKnownFileType = sourcecode.swift; path = SceneDelegate.swift; sourceTree = "<group>"; };
		63055F952651FC5A00C8BA10 /* ViewController.swift */ = {isa = PBXFileReference; lastKnownFileType = sourcecode.swift; path = ViewController.swift; sourceTree = "<group>"; };
		63055F982651FC5A00C8BA10 /* Base */ = {isa = PBXFileReference; lastKnownFileType = file.storyboard; name = Base; path = Base.lproj/Main.storyboard; sourceTree = "<group>"; };
		63055F9A2651FC6200C8BA10 /* Assets.xcassets */ = {isa = PBXFileReference; lastKnownFileType = folder.assetcatalog; path = Assets.xcassets; sourceTree = "<group>"; };
		63055F9D2651FC6200C8BA10 /* Base */ = {isa = PBXFileReference; lastKnownFileType = file.storyboard; name = Base; path = Base.lproj/LaunchScreen.storyboard; sourceTree = "<group>"; };
		63055F9F2651FC6200C8BA10 /* Info.plist */ = {isa = PBXFileReference; lastKnownFileType = text.plist.xml; path = Info.plist; sourceTree = "<group>"; };
		63055FA42651FC6300C8BA10 /* DynamicDispatchTests.xctest */ = {isa = PBXFileReference; explicitFileType = wrapper.cfbundle; includeInIndex = 0; path = DynamicDispatchTests.xctest; sourceTree = BUILT_PRODUCTS_DIR; };
		63055FA82651FC6300C8BA10 /* DynamicDispatchTests.swift */ = {isa = PBXFileReference; lastKnownFileType = sourcecode.swift; path = DynamicDispatchTests.swift; sourceTree = "<group>"; };
		63055FAA2651FC6300C8BA10 /* Info.plist */ = {isa = PBXFileReference; lastKnownFileType = text.plist.xml; path = Info.plist; sourceTree = "<group>"; };
		63055FAF2651FC6300C8BA10 /* DynamicDispatchUITests.xctest */ = {isa = PBXFileReference; explicitFileType = wrapper.cfbundle; includeInIndex = 0; path = DynamicDispatchUITests.xctest; sourceTree = BUILT_PRODUCTS_DIR; };
		63055FB32651FC6300C8BA10 /* DynamicDispatchUITests.swift */ = {isa = PBXFileReference; lastKnownFileType = sourcecode.swift; path = DynamicDispatchUITests.swift; sourceTree = "<group>"; };
		63055FB52651FC6300C8BA10 /* Info.plist */ = {isa = PBXFileReference; lastKnownFileType = text.plist.xml; path = Info.plist; sourceTree = "<group>"; };
		63055FC12651FCDC00C8BA10 /* Parent.swift */ = {isa = PBXFileReference; lastKnownFileType = sourcecode.swift; path = Parent.swift; sourceTree = "<group>"; };
		63055FC32651FD0400C8BA10 /* Child.swift */ = {isa = PBXFileReference; lastKnownFileType = sourcecode.swift; path = Child.swift; sourceTree = "<group>"; };
/* End PBXFileReference section */

/* Begin PBXFrameworksBuildPhase section */
		63055F8B2651FC5A00C8BA10 /* Frameworks */ = {
			isa = PBXFrameworksBuildPhase;
			buildActionMask = 2147483647;
			files = (
			);
			runOnlyForDeploymentPostprocessing = 0;
		};
		63055FA12651FC6300C8BA10 /* Frameworks */ = {
			isa = PBXFrameworksBuildPhase;
			buildActionMask = 2147483647;
			files = (
			);
			runOnlyForDeploymentPostprocessing = 0;
		};
		63055FAC2651FC6300C8BA10 /* Frameworks */ = {
			isa = PBXFrameworksBuildPhase;
			buildActionMask = 2147483647;
			files = (
			);
			runOnlyForDeploymentPostprocessing = 0;
		};
/* End PBXFrameworksBuildPhase section */

/* Begin PBXGroup section */
		63055F852651FC5A00C8BA10 = {
			isa = PBXGroup;
			children = (
				63055F902651FC5A00C8BA10 /* DynamicDispatch */,
				63055FA72651FC6300C8BA10 /* DynamicDispatchTests */,
				63055FB22651FC6300C8BA10 /* DynamicDispatchUITests */,
				63055F8F2651FC5A00C8BA10 /* Products */,
			);
			sourceTree = "<group>";
		};
		63055F8F2651FC5A00C8BA10 /* Products */ = {
			isa = PBXGroup;
			children = (
				63055F8E2651FC5A00C8BA10 /* DynamicDispatch.app */,
				63055FA42651FC6300C8BA10 /* DynamicDispatchTests.xctest */,
				63055FAF2651FC6300C8BA10 /* DynamicDispatchUITests.xctest */,
			);
			name = Products;
			sourceTree = "<group>";
		};
		63055F902651FC5A00C8BA10 /* DynamicDispatch */ = {
			isa = PBXGroup;
			children = (
				63055F912651FC5A00C8BA10 /* AppDelegate.swift */,
				63055F932651FC5A00C8BA10 /* SceneDelegate.swift */,
				63055F952651FC5A00C8BA10 /* ViewController.swift */,
				63055F972651FC5A00C8BA10 /* Main.storyboard */,
				63055F9A2651FC6200C8BA10 /* Assets.xcassets */,
				63055F9C2651FC6200C8BA10 /* LaunchScreen.storyboard */,
				63055F9F2651FC6200C8BA10 /* Info.plist */,
				63055FC12651FCDC00C8BA10 /* Parent.swift */,
				63055FC32651FD0400C8BA10 /* Child.swift */,
			);
			path = DynamicDispatch;
			sourceTree = "<group>";
		};
		63055FA72651FC6300C8BA10 /* DynamicDispatchTests */ = {
			isa = PBXGroup;
			children = (
				63055FA82651FC6300C8BA10 /* DynamicDispatchTests.swift */,
				63055FAA2651FC6300C8BA10 /* Info.plist */,
			);
			path = DynamicDispatchTests;
			sourceTree = "<group>";
		};
		63055FB22651FC6300C8BA10 /* DynamicDispatchUITests */ = {
			isa = PBXGroup;
			children = (
				63055FB32651FC6300C8BA10 /* DynamicDispatchUITests.swift */,
				63055FB52651FC6300C8BA10 /* Info.plist */,
			);
			path = DynamicDispatchUITests;
			sourceTree = "<group>";
		};
/* End PBXGroup section */

/* Begin PBXNativeTarget section */
		63055F8D2651FC5A00C8BA10 /* DynamicDispatch */ = {
			isa = PBXNativeTarget;
			buildConfigurationList = 63055FB82651FC6300C8BA10 /* Build configuration list for PBXNativeTarget "DynamicDispatch" */;
			buildPhases = (
				63055F8A2651FC5A00C8BA10 /* Sources */,
				63055F8B2651FC5A00C8BA10 /* Frameworks */,
				63055F8C2651FC5A00C8BA10 /* Resources */,
			);
			buildRules = (
			);
			dependencies = (
			);
			name = DynamicDispatch;
			productName = DynamicDispatch;
			productReference = 63055F8E2651FC5A00C8BA10 /* DynamicDispatch.app */;
			productType = "com.apple.product-type.application";
		};
		63055FA32651FC6300C8BA10 /* DynamicDispatchTests */ = {
			isa = PBXNativeTarget;
			buildConfigurationList = 63055FBB2651FC6300C8BA10 /* Build configuration list for PBXNativeTarget "DynamicDispatchTests" */;
			buildPhases = (
				63055FA02651FC6300C8BA10 /* Sources */,
				63055FA12651FC6300C8BA10 /* Frameworks */,
				63055FA22651FC6300C8BA10 /* Resources */,
			);
			buildRules = (
			);
			dependencies = (
				63055FA62651FC6300C8BA10 /* PBXTargetDependency */,
			);
			name = DynamicDispatchTests;
			productName = DynamicDispatchTests;
			productReference = 63055FA42651FC6300C8BA10 /* DynamicDispatchTests.xctest */;
			productType = "com.apple.product-type.bundle.unit-test";
		};
		63055FAE2651FC6300C8BA10 /* DynamicDispatchUITests */ = {
			isa = PBXNativeTarget;
			buildConfigurationList = 63055FBE2651FC6300C8BA10 /* Build configuration list for PBXNativeTarget "DynamicDispatchUITests" */;
			buildPhases = (
				63055FAB2651FC6300C8BA10 /* Sources */,
				63055FAC2651FC6300C8BA10 /* Frameworks */,
				63055FAD2651FC6300C8BA10 /* Resources */,
			);
			buildRules = (
			);
			dependencies = (
				63055FB12651FC6300C8BA10 /* PBXTargetDependency */,
			);
			name = DynamicDispatchUITests;
			productName = DynamicDispatchUITests;
			productReference = 63055FAF2651FC6300C8BA10 /* DynamicDispatchUITests.xctest */;
			productType = "com.apple.product-type.bundle.ui-testing";
		};
/* End PBXNativeTarget section */

/* Begin PBXProject section */
		63055F862651FC5A00C8BA10 /* Project object */ = {
			isa = PBXProject;
			attributes = {
				LastSwiftUpdateCheck = 1250;
				LastUpgradeCheck = 1250;
				TargetAttributes = {
					63055F8D2651FC5A00C8BA10 = {
						CreatedOnToolsVersion = 12.5;
					};
					63055FA32651FC6300C8BA10 = {
						CreatedOnToolsVersion = 12.5;
						TestTargetID = 63055F8D2651FC5A00C8BA10;
					};
					63055FAE2651FC6300C8BA10 = {
						CreatedOnToolsVersion = 12.5;
						TestTargetID = 63055F8D2651FC5A00C8BA10;
					};
				};
			};
			buildConfigurationList = 63055F892651FC5A00C8BA10 /* Build configuration list for PBXProject "DynamicDispatch" */;
			compatibilityVersion = "Xcode 9.3";
			developmentRegion = en;
			hasScannedForEncodings = 0;
			knownRegions = (
				en,
				Base,
			);
			mainGroup = 63055F852651FC5A00C8BA10;
			productRefGroup = 63055F8F2651FC5A00C8BA10 /* Products */;
			projectDirPath = "";
			projectRoot = "";
			targets = (
				63055F8D2651FC5A00C8BA10 /* DynamicDispatch */,
				63055FA32651FC6300C8BA10 /* DynamicDispatchTests */,
				63055FAE2651FC6300C8BA10 /* DynamicDispatchUITests */,
			);
		};
/* End PBXProject section */

/* Begin PBXResourcesBuildPhase section */
		63055F8C2651FC5A00C8BA10 /* Resources */ = {
			isa = PBXResourcesBuildPhase;
			buildActionMask = 2147483647;
			files = (
				63055F9E2651FC6200C8BA10 /* LaunchScreen.storyboard in Resources */,
				63055F9B2651FC6200C8BA10 /* Assets.xcassets in Resources */,
				63055F992651FC5A00C8BA10 /* Main.storyboard in Resources */,
			);
			runOnlyForDeploymentPostprocessing = 0;
		};
		63055FA22651FC6300C8BA10 /* Resources */ = {
			isa = PBXResourcesBuildPhase;
			buildActionMask = 2147483647;
			files = (
			);
			runOnlyForDeploymentPostprocessing = 0;
		};
		63055FAD2651FC6300C8BA10 /* Resources */ = {
			isa = PBXResourcesBuildPhase;
			buildActionMask = 2147483647;
			files = (
			);
			runOnlyForDeploymentPostprocessing = 0;
		};
/* End PBXResourcesBuildPhase section */

/* Begin PBXSourcesBuildPhase section */
		63055F8A2651FC5A00C8BA10 /* Sources */ = {
			isa = PBXSourcesBuildPhase;
			buildActionMask = 2147483647;
			files = (
				63055F962651FC5A00C8BA10 /* ViewController.swift in Sources */,
				63055FC22651FCDC00C8BA10 /* Parent.swift in Sources */,
				63055F922651FC5A00C8BA10 /* AppDelegate.swift in Sources */,
				63055FC42651FD0400C8BA10 /* Child.swift in Sources */,
				63055F942651FC5A00C8BA10 /* SceneDelegate.swift in Sources */,
			);
			runOnlyForDeploymentPostprocessing = 0;
		};
		63055FA02651FC6300C8BA10 /* Sources */ = {
			isa = PBXSourcesBuildPhase;
			buildActionMask = 2147483647;
			files = (
				63055FA92651FC6300C8BA10 /* DynamicDispatchTests.swift in Sources */,
			);
			runOnlyForDeploymentPostprocessing = 0;
		};
		63055FAB2651FC6300C8BA10 /* Sources */ = {
			isa = PBXSourcesBuildPhase;
			buildActionMask = 2147483647;
			files = (
				63055FB42651FC6300C8BA10 /* DynamicDispatchUITests.swift in Sources */,
			);
			runOnlyForDeploymentPostprocessing = 0;
		};
/* End PBXSourcesBuildPhase section */

/* Begin PBXTargetDependency section */
		63055FA62651FC6300C8BA10 /* PBXTargetDependency */ = {
			isa = PBXTargetDependency;
			target = 63055F8D2651FC5A00C8BA10 /* DynamicDispatch */;
			targetProxy = 63055FA52651FC6300C8BA10 /* PBXContainerItemProxy */;
		};
		63055FB12651FC6300C8BA10 /* PBXTargetDependency */ = {
			isa = PBXTargetDependency;
			target = 63055F8D2651FC5A00C8BA10 /* DynamicDispatch */;
			targetProxy = 63055FB02651FC6300C8BA10 /* PBXContainerItemProxy */;
		};
/* End PBXTargetDependency section */

/* Begin PBXVariantGroup section */
		63055F972651FC5A00C8BA10 /* Main.storyboard */ = {
			isa = PBXVariantGroup;
			children = (
				63055F982651FC5A00C8BA10 /* Base */,
			);
			name = Main.storyboard;
			sourceTree = "<group>";
		};
		63055F9C2651FC6200C8BA10 /* LaunchScreen.storyboard */ = {
			isa = PBXVariantGroup;
			children = (
				63055F9D2651FC6200C8BA10 /* Base */,
			);
			name = LaunchScreen.storyboard;
			sourceTree = "<group>";
		};
/* End PBXVariantGroup section */

/* Begin XCBuildConfiguration section */
		63055FB62651FC6300C8BA10 /* Debug */ = {
			isa = XCBuildConfiguration;
			buildSettings = {
				ALWAYS_SEARCH_USER_PATHS = NO;
				CLANG_ANALYZER_NONNULL = YES;
				CLANG_ANALYZER_NUMBER_OBJECT_CONVERSION = YES_AGGRESSIVE;
				CLANG_CXX_LANGUAGE_STANDARD = "gnu++14";
				CLANG_CXX_LIBRARY = "libc++";
				CLANG_ENABLE_MODULES = YES;
				CLANG_ENABLE_OBJC_ARC = YES;
				CLANG_ENABLE_OBJC_WEAK = YES;
				CLANG_WARN_BLOCK_CAPTURE_AUTORELEASING = YES;
				CLANG_WARN_BOOL_CONVERSION = YES;
				CLANG_WARN_COMMA = YES;
				CLANG_WARN_CONSTANT_CONVERSION = YES;
				CLANG_WARN_DEPRECATED_OBJC_IMPLEMENTATIONS = YES;
				CLANG_WARN_DIRECT_OBJC_ISA_USAGE = YES_ERROR;
				CLANG_WARN_DOCUMENTATION_COMMENTS = YES;
				CLANG_WARN_EMPTY_BODY = YES;
				CLANG_WARN_ENUM_CONVERSION = YES;
				CLANG_WARN_INFINITE_RECURSION = YES;
				CLANG_WARN_INT_CONVERSION = YES;
				CLANG_WARN_NON_LITERAL_NULL_CONVERSION = YES;
				CLANG_WARN_OBJC_IMPLICIT_RETAIN_SELF = YES;
				CLANG_WARN_OBJC_LITERAL_CONVERSION = YES;
				CLANG_WARN_OBJC_ROOT_CLASS = YES_ERROR;
				CLANG_WARN_QUOTED_INCLUDE_IN_FRAMEWORK_HEADER = YES;
				CLANG_WARN_RANGE_LOOP_ANALYSIS = YES;
				CLANG_WARN_STRICT_PROTOTYPES = YES;
				CLANG_WARN_SUSPICIOUS_MOVE = YES;
				CLANG_WARN_UNGUARDED_AVAILABILITY = YES_AGGRESSIVE;
				CLANG_WARN_UNREACHABLE_CODE = YES;
				CLANG_WARN__DUPLICATE_METHOD_MATCH = YES;
				COPY_PHASE_STRIP = NO;
				DEBUG_INFORMATION_FORMAT = dwarf;
				ENABLE_STRICT_OBJC_MSGSEND = YES;
				ENABLE_TESTABILITY = YES;
				GCC_C_LANGUAGE_STANDARD = gnu11;
				GCC_DYNAMIC_NO_PIC = NO;
				GCC_NO_COMMON_BLOCKS = YES;
				GCC_OPTIMIZATION_LEVEL = 0;
				GCC_PREPROCESSOR_DEFINITIONS = (
					"DEBUG=1",
					"$(inherited)",
				);
				GCC_WARN_64_TO_32_BIT_CONVERSION = YES;
				GCC_WARN_ABOUT_RETURN_TYPE = YES_ERROR;
				GCC_WARN_UNDECLARED_SELECTOR = YES;
				GCC_WARN_UNINITIALIZED_AUTOS = YES_AGGRESSIVE;
				GCC_WARN_UNUSED_FUNCTION = YES;
				GCC_WARN_UNUSED_VARIABLE = YES;
				IPHONEOS_DEPLOYMENT_TARGET = 14.5;
				MTL_ENABLE_DEBUG_INFO = INCLUDE_SOURCE;
				MTL_FAST_MATH = YES;
				ONLY_ACTIVE_ARCH = YES;
				SDKROOT = iphoneos;
				SWIFT_ACTIVE_COMPILATION_CONDITIONS = DEBUG;
				SWIFT_OPTIMIZATION_LEVEL = "-Onone";
			};
			name = Debug;
		};
		63055FB72651FC6300C8BA10 /* Release */ = {
			isa = XCBuildConfiguration;
			buildSettings = {
				ALWAYS_SEARCH_USER_PATHS = NO;
				CLANG_ANALYZER_NONNULL = YES;
				CLANG_ANALYZER_NUMBER_OBJECT_CONVERSION = YES_AGGRESSIVE;
				CLANG_CXX_LANGUAGE_STANDARD = "gnu++14";
				CLANG_CXX_LIBRARY = "libc++";
				CLANG_ENABLE_MODULES = YES;
				CLANG_ENABLE_OBJC_ARC = YES;
				CLANG_ENABLE_OBJC_WEAK = YES;
				CLANG_WARN_BLOCK_CAPTURE_AUTORELEASING = YES;
				CLANG_WARN_BOOL_CONVERSION = YES;
				CLANG_WARN_COMMA = YES;
				CLANG_WARN_CONSTANT_CONVERSION = YES;
				CLANG_WARN_DEPRECATED_OBJC_IMPLEMENTATIONS = YES;
				CLANG_WARN_DIRECT_OBJC_ISA_USAGE = YES_ERROR;
				CLANG_WARN_DOCUMENTATION_COMMENTS = YES;
				CLANG_WARN_EMPTY_BODY = YES;
				CLANG_WARN_ENUM_CONVERSION = YES;
				CLANG_WARN_INFINITE_RECURSION = YES;
				CLANG_WARN_INT_CONVERSION = YES;
				CLANG_WARN_NON_LITERAL_NULL_CONVERSION = YES;
				CLANG_WARN_OBJC_IMPLICIT_RETAIN_SELF = YES;
				CLANG_WARN_OBJC_LITERAL_CONVERSION = YES;
				CLANG_WARN_OBJC_ROOT_CLASS = YES_ERROR;
				CLANG_WARN_QUOTED_INCLUDE_IN_FRAMEWORK_HEADER = YES;
				CLANG_WARN_RANGE_LOOP_ANALYSIS = YES;
				CLANG_WARN_STRICT_PROTOTYPES = YES;
				CLANG_WARN_SUSPICIOUS_MOVE = YES;
				CLANG_WARN_UNGUARDED_AVAILABILITY = YES_AGGRESSIVE;
				CLANG_WARN_UNREACHABLE_CODE = YES;
				CLANG_WARN__DUPLICATE_METHOD_MATCH = YES;
				COPY_PHASE_STRIP = NO;
				DEBUG_INFORMATION_FORMAT = "dwarf-with-dsym";
				ENABLE_NS_ASSERTIONS = NO;
				ENABLE_STRICT_OBJC_MSGSEND = YES;
				GCC_C_LANGUAGE_STANDARD = gnu11;
				GCC_NO_COMMON_BLOCKS = YES;
				GCC_WARN_64_TO_32_BIT_CONVERSION = YES;
				GCC_WARN_ABOUT_RETURN_TYPE = YES_ERROR;
				GCC_WARN_UNDECLARED_SELECTOR = YES;
				GCC_WARN_UNINITIALIZED_AUTOS = YES_AGGRESSIVE;
				GCC_WARN_UNUSED_FUNCTION = YES;
				GCC_WARN_UNUSED_VARIABLE = YES;
				IPHONEOS_DEPLOYMENT_TARGET = 14.5;
				MTL_ENABLE_DEBUG_INFO = NO;
				MTL_FAST_MATH = YES;
				SDKROOT = iphoneos;
				SWIFT_COMPILATION_MODE = wholemodule;
				SWIFT_OPTIMIZATION_LEVEL = "-O";
				VALIDATE_PRODUCT = YES;
			};
			name = Release;
		};
		63055FB92651FC6300C8BA10 /* Debug */ = {
			isa = XCBuildConfiguration;
			buildSettings = {
				ASSETCATALOG_COMPILER_APPICON_NAME = AppIcon;
				ASSETCATALOG_COMPILER_GLOBAL_ACCENT_COLOR_NAME = AccentColor;
				CODE_SIGN_STYLE = Automatic;
				DEVELOPMENT_TEAM = M743JMVNTV;
				INFOPLIST_FILE = DynamicDispatch/Info.plist;
				LD_RUNPATH_SEARCH_PATHS = (
					"$(inherited)",
					"@executable_path/Frameworks",
				);
				PRODUCT_BUNDLE_IDENTIFIER = com.basic.DynamicDispatch;
				PRODUCT_NAME = "$(TARGET_NAME)";
				SWIFT_VERSION = 5.0;
				TARGETED_DEVICE_FAMILY = "1,2";
			};
			name = Debug;
		};
		63055FBA2651FC6300C8BA10 /* Release */ = {
			isa = XCBuildConfiguration;
			buildSettings = {
				ASSETCATALOG_COMPILER_APPICON_NAME = AppIcon;
				ASSETCATALOG_COMPILER_GLOBAL_ACCENT_COLOR_NAME = AccentColor;
				CODE_SIGN_STYLE = Automatic;
				DEVELOPMENT_TEAM = M743JMVNTV;
				INFOPLIST_FILE = DynamicDispatch/Info.plist;
				LD_RUNPATH_SEARCH_PATHS = (
					"$(inherited)",
					"@executable_path/Frameworks",
				);
				PRODUCT_BUNDLE_IDENTIFIER = com.basic.DynamicDispatch;
				PRODUCT_NAME = "$(TARGET_NAME)";
				SWIFT_VERSION = 5.0;
				TARGETED_DEVICE_FAMILY = "1,2";
			};
			name = Release;
		};
		63055FBC2651FC6300C8BA10 /* Debug */ = {
			isa = XCBuildConfiguration;
			buildSettings = {
				ALWAYS_EMBED_SWIFT_STANDARD_LIBRARIES = YES;
				BUNDLE_LOADER = "$(TEST_HOST)";
				CODE_SIGN_STYLE = Automatic;
				DEVELOPMENT_TEAM = M743JMVNTV;
				INFOPLIST_FILE = DynamicDispatchTests/Info.plist;
				IPHONEOS_DEPLOYMENT_TARGET = 14.5;
				LD_RUNPATH_SEARCH_PATHS = (
					"$(inherited)",
					"@executable_path/Frameworks",
					"@loader_path/Frameworks",
				);
				PRODUCT_BUNDLE_IDENTIFIER = com.basic.DynamicDispatchTests;
				PRODUCT_NAME = "$(TARGET_NAME)";
				SWIFT_VERSION = 5.0;
				TARGETED_DEVICE_FAMILY = "1,2";
				TEST_HOST = "$(BUILT_PRODUCTS_DIR)/DynamicDispatch.app/DynamicDispatch";
			};
			name = Debug;
		};
		63055FBD2651FC6300C8BA10 /* Release */ = {
			isa = XCBuildConfiguration;
			buildSettings = {
				ALWAYS_EMBED_SWIFT_STANDARD_LIBRARIES = YES;
				BUNDLE_LOADER = "$(TEST_HOST)";
				CODE_SIGN_STYLE = Automatic;
				DEVELOPMENT_TEAM = M743JMVNTV;
				INFOPLIST_FILE = DynamicDispatchTests/Info.plist;
				IPHONEOS_DEPLOYMENT_TARGET = 14.5;
				LD_RUNPATH_SEARCH_PATHS = (
					"$(inherited)",
					"@executable_path/Frameworks",
					"@loader_path/Frameworks",
				);
				PRODUCT_BUNDLE_IDENTIFIER = com.basic.DynamicDispatchTests;
				PRODUCT_NAME = "$(TARGET_NAME)";
				SWIFT_VERSION = 5.0;
				TARGETED_DEVICE_FAMILY = "1,2";
				TEST_HOST = "$(BUILT_PRODUCTS_DIR)/DynamicDispatch.app/DynamicDispatch";
			};
			name = Release;
		};
		63055FBF2651FC6300C8BA10 /* Debug */ = {
			isa = XCBuildConfiguration;
			buildSettings = {
				ALWAYS_EMBED_SWIFT_STANDARD_LIBRARIES = YES;
				CODE_SIGN_STYLE = Automatic;
				DEVELOPMENT_TEAM = M743JMVNTV;
				INFOPLIST_FILE = DynamicDispatchUITests/Info.plist;
				LD_RUNPATH_SEARCH_PATHS = (
					"$(inherited)",
					"@executable_path/Frameworks",
					"@loader_path/Frameworks",
				);
				PRODUCT_BUNDLE_IDENTIFIER = com.basic.DynamicDispatchUITests;
				PRODUCT_NAME = "$(TARGET_NAME)";
				SWIFT_VERSION = 5.0;
				TARGETED_DEVICE_FAMILY = "1,2";
				TEST_TARGET_NAME = DynamicDispatch;
			};
			name = Debug;
		};
		63055FC02651FC6300C8BA10 /* Release */ = {
			isa = XCBuildConfiguration;
			buildSettings = {
				ALWAYS_EMBED_SWIFT_STANDARD_LIBRARIES = YES;
				CODE_SIGN_STYLE = Automatic;
				DEVELOPMENT_TEAM = M743JMVNTV;
				INFOPLIST_FILE = DynamicDispatchUITests/Info.plist;
				LD_RUNPATH_SEARCH_PATHS = (
					"$(inherited)",
					"@executable_path/Frameworks",
					"@loader_path/Frameworks",
				);
				PRODUCT_BUNDLE_IDENTIFIER = com.basic.DynamicDispatchUITests;
				PRODUCT_NAME = "$(TARGET_NAME)";
				SWIFT_VERSION = 5.0;
				TARGETED_DEVICE_FAMILY = "1,2";
				TEST_TARGET_NAME = DynamicDispatch;
			};
			name = Release;
		};
/* End XCBuildConfiguration section */

/* Begin XCConfigurationList section */
		63055F892651FC5A00C8BA10 /* Build configuration list for PBXProject "DynamicDispatch" */ = {
			isa = XCConfigurationList;
			buildConfigurations = (
				63055FB62651FC6300C8BA10 /* Debug */,
				63055FB72651FC6300C8BA10 /* Release */,
			);
			defaultConfigurationIsVisible = 0;
			defaultConfigurationName = Release;
		};
		63055FB82651FC6300C8BA10 /* Build configuration list for PBXNativeTarget "DynamicDispatch" */ = {
			isa = XCConfigurationList;
			buildConfigurations = (
				63055FB92651FC6300C8BA10 /* Debug */,
				63055FBA2651FC6300C8BA10 /* Release */,
			);
			defaultConfigurationIsVisible = 0;
			defaultConfigurationName = Release;
		};
		63055FBB2651FC6300C8BA10 /* Build configuration list for PBXNativeTarget "DynamicDispatchTests" */ = {
			isa = XCConfigurationList;
			buildConfigurations = (
				63055FBC2651FC6300C8BA10 /* Debug */,
				63055FBD2651FC6300C8BA10 /* Release */,
			);
			defaultConfigurationIsVisible = 0;
			defaultConfigurationName = Release;
		};
		63055FBE2651FC6300C8BA10 /* Build configuration list for PBXNativeTarget "DynamicDispatchUITests" */ = {
			isa = XCConfigurationList;
			buildConfigurations = (
				63055FBF2651FC6300C8BA10 /* Debug */,
				63055FC02651FC6300C8BA10 /* Release */,
			);
			defaultConfigurationIsVisible = 0;
			defaultConfigurationName = Release;
		};
/* End XCConfigurationList section */
	};
	rootObject = 63055F862651FC5A00C8BA10 /* Project object */;
}
